
Microsoft Visual Studio Solution File, Format Version 11.00
# Visual Studio 2010
Project("{FAE04EC0-301F-11D3-BF4B-00C04F79EFBC}") = "ChartingProto", "ChartingProto\ChartingProto.csproj", "{E062429D-E683-4E98-A8D6-521641A6E132}"
EndProject
Global
	GlobalSection(SolutionConfigurationPlatforms) = preSolution
		Debug|x86 = Debug|x86
		Release|x86 = Release|x86
	EndGlobalSection
	GlobalSection(ProjectConfigurationPlatforms) = postSolution
		{E062429D-E683-4E98-A8D6-521641A6E132}.Debug|x86.ActiveCfg = Debug|x86
		{E062429D-E683-4E98-A8D6-521641A6E132}.Debug|x86.Build.0 = Debug|x86
		{E062429D-E683-4E98-A8D6-521641A6E132}.Release|x86.ActiveCfg = Release|x86
		{E062429D-E683-4E98-A8D6-521641A6E132}.Release|x86.Build.0 = Release|x86
	EndGlobalSection
	GlobalSection(SolutionProperties) = preSolution
		HideSolutionNode = FALSE
	EndGlobalSection
EndGlobal
